
Microsoft Visual Studio Solution File, Format Version 12.00
# Visual Studio Version 17
VisualStudioVersion = 17.3.32922.545
MinimumVisualStudioVersion = 10.0.40219.1
Project("{FAE04EC0-301F-11D3-BF4B-00C04F79EFBC}") = "FoodDeliveryProject_.Net", "FoodDeliveryProject_.Net.csproj", "{C1B224EB-53AD-4D02-A509-BF03D99B4191}"
EndProject
Project("{FAE04EC0-301F-11D3-BF4B-00C04F79EFBC}") = "BLL", "..\BLL\BLL.csproj", "{8D7249C3-4454-4CE7-BECF-AD63728CC28C}"
EndProject
Project("{FAE04EC0-301F-11D3-BF4B-00C04F79EFBC}") = "DAL", "..\DAL\DAL.csproj", "{513C2913-C2B4-4E89-8A19-24C5600CFC55}"
EndProject
Global
	GlobalSection(SolutionConfigurationPlatforms) = preSolution
		Debug|Any CPU = Debug|Any CPU
		Release|Any CPU = Release|Any CPU
	EndGlobalSection
	GlobalSection(ProjectConfigurationPlatforms) = postSolution
		{C1B224EB-53AD-4D02-A509-BF03D99B4191}.Debug|Any CPU.ActiveCfg = Debug|Any CPU
		{C1B224EB-53AD-4D02-A509-BF03D99B4191}.Debug|Any CPU.Build.0 = Debug|Any CPU
		{C1B224EB-53AD-4D02-A509-BF03D99B4191}.Release|Any CPU.ActiveCfg = Release|Any CPU
		{C1B224EB-53AD-4D02-A509-BF03D99B4191}.Release|Any CPU.Build.0 = Release|Any CPU
		{8D7249C3-4454-4CE7-BECF-AD63728CC28C}.Debug|Any CPU.ActiveCfg = Debug|Any CPU
		{8D7249C3-4454-4CE7-BECF-AD63728CC28C}.Debug|Any CPU.Build.0 = Debug|Any CPU
		{8D7249C3-4454-4CE7-BECF-AD63728CC28C}.Release|Any CPU.ActiveCfg = Release|Any CPU
		{8D7249C3-4454-4CE7-BECF-AD63728CC28C}.Release|Any CPU.Build.0 = Release|Any CPU
		{513C2913-C2B4-4E89-8A19-24C5600CFC55}.Debug|Any CPU.ActiveCfg = Debug|Any CPU
		{513C2913-C2B4-4E89-8A19-24C5600CFC55}.Debug|Any CPU.Build.0 = Debug|Any CPU
		{513C2913-C2B4-4E89-8A19-24C5600CFC55}.Release|Any CPU.ActiveCfg = Release|Any CPU
		{513C2913-C2B4-4E89-8A19-24C5600CFC55}.Release|Any CPU.Build.0 = Release|Any CPU
	EndGlobalSection
	GlobalSection(SolutionProperties) = preSolution
		HideSolutionNode = FALSE
	EndGlobalSection
	GlobalSection(ExtensibilityGlobals) = postSolution
		SolutionGuid = {3EC846D8-BCDD-4AB0-B33D-586BC04E90A4}
	EndGlobalSection
EndGlobal
